
Microsoft Visual Studio Solution File, Format Version 12.00
# Visual Studio Version 17
VisualStudioVersion = 17.7.34009.444
MinimumVisualStudioVersion = 10.0.40219.1
Project("{FAE04EC0-301F-11D3-BF4B-00C04F79EFBC}") = "Asynchronoussample", "Asynchronoussample\Asynchronoussample.csproj", "{9F8CC779-3F3B-4A84-B4AC-514798644BA2}"
EndProject
Global
	GlobalSection(SolutionConfigurationPlatforms) = preSolution
		Debug|Any CPU = Debug|Any CPU
		Release|Any CPU = Release|Any CPU
	EndGlobalSection
	GlobalSection(ProjectConfigurationPlatforms) = postSolution
		{9F8CC779-3F3B-4A84-B4AC-514798644BA2}.Debug|Any CPU.ActiveCfg = Debug|Any CPU
		{9F8CC779-3F3B-4A84-B4AC-514798644BA2}.Debug|Any CPU.Build.0 = Debug|Any CPU
		{9F8CC779-3F3B-4A84-B4AC-514798644BA2}.Release|Any CPU.ActiveCfg = Release|Any CPU
		{9F8CC779-3F3B-4A84-B4AC-514798644BA2}.Release|Any CPU.Build.0 = Release|Any CPU
	EndGlobalSection
	GlobalSection(SolutionProperties) = preSolution
		HideSolutionNode = FALSE
	EndGlobalSection
	GlobalSection(ExtensibilityGlobals) = postSolution
		SolutionGuid = {F099D1D6-26A4-48D2-AC69-B070E95161C8}
	EndGlobalSection
EndGlobal
